
Microsoft Visual Studio Solution File, Format Version 12.00
# Visual Studio Version 16
VisualStudioVersion = 16.0.31205.134
MinimumVisualStudioVersion = 10.0.40219.1
Project("{FAE04EC0-301F-11D3-BF4B-00C04F79EFBC}") = "Calculator", "Calculator.csproj", "{8E5AD86C-C5E9-48DA-8BAB-0B4011DB8EE6}"
EndProject
Global
	GlobalSection(SolutionConfigurationPlatforms) = preSolution
		Debug|Any CPU = Debug|Any CPU
		Release|Any CPU = Release|Any CPU
	EndGlobalSection
	GlobalSection(ProjectConfigurationPlatforms) = postSolution
		{8E5AD86C-C5E9-48DA-8BAB-0B4011DB8EE6}.Debug|Any CPU.ActiveCfg = Debug|Any CPU
		{8E5AD86C-C5E9-48DA-8BAB-0B4011DB8EE6}.Debug|Any CPU.Build.0 = Debug|Any CPU
		{8E5AD86C-C5E9-48DA-8BAB-0B4011DB8EE6}.Release|Any CPU.ActiveCfg = Release|Any CPU
		{8E5AD86C-C5E9-48DA-8BAB-0B4011DB8EE6}.Release|Any CPU.Build.0 = Release|Any CPU
	EndGlobalSection
	GlobalSection(SolutionProperties) = preSolution
		HideSolutionNode = FALSE
	EndGlobalSection
	GlobalSection(ExtensibilityGlobals) = postSolution
		SolutionGuid = {7DFB0B33-6513-4A7A-985F-10A88CA9E4B4}
	EndGlobalSection
EndGlobal
